// !$*UTF8*$!
{
	archiveVersion = 1;
	classes = {
	};
	objectVersion = 46;
	objects = {

/* Begin PBXBuildFile section */
		652107971EEC59C9004F06FF /* main.m in Sources */ = {isa = PBXBuildFile; fileRef = 652107961EEC59C9004F06FF /* main.m */; };
		6521079A1EEC59C9004F06FF /* AppDelegate.m in Sources */ = {isa = PBXBuildFile; fileRef = 652107991EEC59C9004F06FF /* AppDelegate.m */; };
		6521079D1EEC59C9004F06FF /* ViewController.m in Sources */ = {isa = PBXBuildFile; fileRef = 6521079C1EEC59C9004F06FF /* ViewController.m */; };
		652107A01EEC59C9004F06FF /* Main.storyboard in Resources */ = {isa = PBXBuildFile; fileRef = 6521079E1EEC59C9004F06FF /* Main.storyboard */; };
		652107A21EEC59C9004F06FF /* Assets.xcassets in Resources */ = {isa = PBXBuildFile; fileRef = 652107A11EEC59C9004F06FF /* Assets.xcassets */; };
		652107A51EEC59C9004F06FF /* LaunchScreen.storyboard in Resources */ = {isa = PBXBuildFile; fileRef = 652107A31EEC59C9004F06FF /* LaunchScreen.storyboard */; };
		652107B51EEC59E0004F06FF /* DDSkin.h in Headers */ = {isa = PBXBuildFile; fileRef = 652107B31EEC59E0004F06FF /* DDSkin.h */; settings = {ATTRIBUTES = (Public, ); }; };
		652107B81EEC59E0004F06FF /* DDSkin.framework in Frameworks */ = {isa = PBXBuildFile; fileRef = 652107B11EEC59E0004F06FF /* DDSkin.framework */; };
		652107B91EEC59E0004F06FF /* DDSkin.framework in Embed Frameworks */ = {isa = PBXBuildFile; fileRef = 652107B11EEC59E0004F06FF /* DDSkin.framework */; settings = {ATTRIBUTES = (CodeSignOnCopy, RemoveHeadersOnCopy, ); }; };
		652107D11EEC624C004F06FF /* Foundation.framework in Frameworks */ = {isa = PBXBuildFile; fileRef = 652107D01EEC624C004F06FF /* Foundation.framework */; };
		652107D31EEC6251004F06FF /* UIKit.framework in Frameworks */ = {isa = PBXBuildFile; fileRef = 652107D21EEC6251004F06FF /* UIKit.framework */; };
		652108021EED3B05004F06FF /* DDSkinCore.h in Headers */ = {isa = PBXBuildFile; fileRef = 652107F41EED3B05004F06FF /* DDSkinCore.h */; };
		652108031EED3B05004F06FF /* DDSkinCore.m in Sources */ = {isa = PBXBuildFile; fileRef = 652107F51EED3B05004F06FF /* DDSkinCore.m */; };
		652108041EED3B05004F06FF /* DDSkinHandler.h in Headers */ = {isa = PBXBuildFile; fileRef = 652107F61EED3B05004F06FF /* DDSkinHandler.h */; };
		652108051EED3B05004F06FF /* DDSkinHandler.m in Sources */ = {isa = PBXBuildFile; fileRef = 652107F71EED3B05004F06FF /* DDSkinHandler.m */; };
		652108061EED3B05004F06FF /* DDSkinMacros.h in Headers */ = {isa = PBXBuildFile; fileRef = 652107F81EED3B05004F06FF /* DDSkinMacros.h */; };
		652108071EED3B05004F06FF /* DDSkinManager.h in Headers */ = {isa = PBXBuildFile; fileRef = 652107F91EED3B05004F06FF /* DDSkinManager.h */; };
		652108081EED3B05004F06FF /* DDSkinManager.m in Sources */ = {isa = PBXBuildFile; fileRef = 652107FA1EED3B05004F06FF /* DDSkinManager.m */; };
		6521080B1EED3B05004F06FF /* UIView+DDSkin.h in Headers */ = {isa = PBXBuildFile; fileRef = 652107FE1EED3B05004F06FF /* UIView+DDSkin.h */; };
		6521080C1EED3B05004F06FF /* UIView+DDSkin.m in Sources */ = {isa = PBXBuildFile; fileRef = 652107FF1EED3B05004F06FF /* UIView+DDSkin.m */; };
		6521080E1EED9DB5004F06FF /* base.plist in Resources */ = {isa = PBXBuildFile; fileRef = 6521080D1EED9DB5004F06FF /* base.plist */; };
		652108101EED9DC4004F06FF /* day.plist in Resources */ = {isa = PBXBuildFile; fileRef = 6521080F1EED9DC4004F06FF /* day.plist */; };
		652108121EED9DCA004F06FF /* night.plist in Resources */ = {isa = PBXBuildFile; fileRef = 652108111EED9DCA004F06FF /* night.plist */; };
		6521081D1EEDD9D0004F06FF /* DDSkinDefaultStorage.h in Headers */ = {isa = PBXBuildFile; fileRef = 652108171EEDD9D0004F06FF /* DDSkinDefaultStorage.h */; };
		6521081E1EEDD9D0004F06FF /* DDSkinDefaultStorage.m in Sources */ = {isa = PBXBuildFile; fileRef = 652108181EEDD9D0004F06FF /* DDSkinDefaultStorage.m */; };
		6521081F1EEDD9D0004F06FF /* DDSkinDefaultStorageParser.h in Headers */ = {isa = PBXBuildFile; fileRef = 652108191EEDD9D0004F06FF /* DDSkinDefaultStorageParser.h */; };
		652108201EEDD9D0004F06FF /* DDSkinDefaultStorageParser.m in Sources */ = {isa = PBXBuildFile; fileRef = 6521081A1EEDD9D0004F06FF /* DDSkinDefaultStorageParser.m */; };
		652108211EEDD9D0004F06FF /* DDSkinStorage.h in Headers */ = {isa = PBXBuildFile; fileRef = 6521081B1EEDD9D0004F06FF /* DDSkinStorage.h */; };
		652108221EEDD9D0004F06FF /* DDSkinStorage.m in Sources */ = {isa = PBXBuildFile; fileRef = 6521081C1EEDD9D0004F06FF /* DDSkinStorage.m */; };
		652108251EEDDA19004F06FF /* DDSkinStorageImageItem.h in Headers */ = {isa = PBXBuildFile; fileRef = 652108231EEDDA19004F06FF /* DDSkinStorageImageItem.h */; };
		652108261EEDDA19004F06FF /* DDSkinStorageImageItem.m in Sources */ = {isa = PBXBuildFile; fileRef = 652108241EEDDA19004F06FF /* DDSkinStorageImageItem.m */; };
		652108291EF043B2004F06FF /* DDSkinStorageParserHelper.h in Headers */ = {isa = PBXBuildFile; fileRef = 652108271EF043B2004F06FF /* DDSkinStorageParserHelper.h */; };
		6521082A1EF043B2004F06FF /* DDSkinStorageParserHelper.m in Sources */ = {isa = PBXBuildFile; fileRef = 652108281EF043B2004F06FF /* DDSkinStorageParserHelper.m */; };
		6521082D1EF04B05004F06FF /* CALayer+DDSkin.h in Headers */ = {isa = PBXBuildFile; fileRef = 6521082B1EF04B05004F06FF /* CALayer+DDSkin.h */; };
		6521082E1EF04B05004F06FF /* CALayer+DDSkin.m in Sources */ = {isa = PBXBuildFile; fileRef = 6521082C1EF04B05004F06FF /* CALayer+DDSkin.m */; };
		652108321EF054E9004F06FF /* UIImageView+DDSkin.h in Headers */ = {isa = PBXBuildFile; fileRef = 652108301EF054E9004F06FF /* UIImageView+DDSkin.h */; };
		652108331EF054E9004F06FF /* UIImageView+DDSkin.m in Sources */ = {isa = PBXBuildFile; fileRef = 652108311EF054E9004F06FF /* UIImageView+DDSkin.m */; };
		652108361EF17EEF004F06FF /* UILabel+DDSkin.h in Headers */ = {isa = PBXBuildFile; fileRef = 652108341EF17EEF004F06FF /* UILabel+DDSkin.h */; };
		652108371EF17EEF004F06FF /* UILabel+DDSkin.m in Sources */ = {isa = PBXBuildFile; fileRef = 652108351EF17EEF004F06FF /* UILabel+DDSkin.m */; };
		6521083A1EF184B5004F06FF /* UIButton+DDSkin.h in Headers */ = {isa = PBXBuildFile; fileRef = 652108381EF184B5004F06FF /* UIButton+DDSkin.h */; };
		6521083B1EF184B5004F06FF /* UIButton+DDSkin.m in Sources */ = {isa = PBXBuildFile; fileRef = 652108391EF184B5004F06FF /* UIButton+DDSkin.m */; };
		6521083E1EF18699004F06FF /* UITextField+DDSkin.h in Headers */ = {isa = PBXBuildFile; fileRef = 6521083C1EF18699004F06FF /* UITextField+DDSkin.h */; };
		6521083F1EF18699004F06FF /* UITextField+DDSkin.m in Sources */ = {isa = PBXBuildFile; fileRef = 6521083D1EF18699004F06FF /* UITextField+DDSkin.m */; };
		652108421EF186D2004F06FF /* UITextView+DDSkin.h in Headers */ = {isa = PBXBuildFile; fileRef = 652108401EF186D2004F06FF /* UITextView+DDSkin.h */; };
		652108431EF186D2004F06FF /* UITextView+DDSkin.m in Sources */ = {isa = PBXBuildFile; fileRef = 652108411EF186D2004F06FF /* UITextView+DDSkin.m */; };
		652108461EF186FE004F06FF /* UISlider+DDSkin.h in Headers */ = {isa = PBXBuildFile; fileRef = 652108441EF186FE004F06FF /* UISlider+DDSkin.h */; };
		652108471EF186FE004F06FF /* UISlider+DDSkin.m in Sources */ = {isa = PBXBuildFile; fileRef = 652108451EF186FE004F06FF /* UISlider+DDSkin.m */; };
		6521084A1EF18723004F06FF /* UISwitch+DDSkin.h in Headers */ = {isa = PBXBuildFile; fileRef = 652108481EF18723004F06FF /* UISwitch+DDSkin.h */; };
		6521084B1EF18723004F06FF /* UISwitch+DDSkin.m in Sources */ = {isa = PBXBuildFile; fileRef = 652108491EF18723004F06FF /* UISwitch+DDSkin.m */; };
		6521084E1EF1874D004F06FF /* UIActivityIndicatorView+DDSkin.h in Headers */ = {isa = PBXBuildFile; fileRef = 6521084C1EF1874D004F06FF /* UIActivityIndicatorView+DDSkin.h */; };
		6521084F1EF1874D004F06FF /* UIActivityIndicatorView+DDSkin.m in Sources */ = {isa = PBXBuildFile; fileRef = 6521084D1EF1874D004F06FF /* UIActivityIndicatorView+DDSkin.m */; };
		652108521EF18771004F06FF /* UIProgressView+DDSkin.h in Headers */ = {isa = PBXBuildFile; fileRef = 652108501EF18771004F06FF /* UIProgressView+DDSkin.h */; };
		652108531EF18771004F06FF /* UIProgressView+DDSkin.m in Sources */ = {isa = PBXBuildFile; fileRef = 652108511EF18771004F06FF /* UIProgressView+DDSkin.m */; };
		652108561EF18794004F06FF /* UIPageControl+DDSkin.h in Headers */ = {isa = PBXBuildFile; fileRef = 652108541EF18794004F06FF /* UIPageControl+DDSkin.h */; };
		652108571EF18794004F06FF /* UIPageControl+DDSkin.m in Sources */ = {isa = PBXBuildFile; fileRef = 652108551EF18794004F06FF /* UIPageControl+DDSkin.m */; };
		6521085A1EF18868004F06FF /* UITableView+DDSkin.h in Headers */ = {isa = PBXBuildFile; fileRef = 652108581EF18868004F06FF /* UITableView+DDSkin.h */; };
		6521085B1EF18868004F06FF /* UITableView+DDSkin.m in Sources */ = {isa = PBXBuildFile; fileRef = 652108591EF18868004F06FF /* UITableView+DDSkin.m */; };
		6521085E1EF1887B004F06FF /* UITableViewCell+DDSkin.h in Headers */ = {isa = PBXBuildFile; fileRef = 6521085C1EF1887B004F06FF /* UITableViewCell+DDSkin.h */; };
		6521085F1EF1887B004F06FF /* UITableViewCell+DDSkin.m in Sources */ = {isa = PBXBuildFile; fileRef = 6521085D1EF1887B004F06FF /* UITableViewCell+DDSkin.m */; };
		652108621EF188EC004F06FF /* UIScrollView+DDSkin.h in Headers */ = {isa = PBXBuildFile; fileRef = 652108601EF188EC004F06FF /* UIScrollView+DDSkin.h */; };
		652108631EF188EC004F06FF /* UIScrollView+DDSkin.m in Sources */ = {isa = PBXBuildFile; fileRef = 652108611EF188EC004F06FF /* UIScrollView+DDSkin.m */; };
		652108661EF18937004F06FF /* UINavigationBar+DDSkin.h in Headers */ = {isa = PBXBuildFile; fileRef = 652108641EF18937004F06FF /* UINavigationBar+DDSkin.h */; };
		652108671EF18937004F06FF /* UINavigationBar+DDSkin.m in Sources */ = {isa = PBXBuildFile; fileRef = 652108651EF18937004F06FF /* UINavigationBar+DDSkin.m */; };
		6521086A1EF18955004F06FF /* UIToolbar+DDSkin.h in Headers */ = {isa = PBXBuildFile; fileRef = 652108681EF18955004F06FF /* UIToolbar+DDSkin.h */; };
		6521086B1EF18955004F06FF /* UIToolbar+DDSkin.m in Sources */ = {isa = PBXBuildFile; fileRef = 652108691EF18955004F06FF /* UIToolbar+DDSkin.m */; };
		6521086E1EF18981004F06FF /* UITabBar+DDSkin.h in Headers */ = {isa = PBXBuildFile; fileRef = 6521086C1EF18981004F06FF /* UITabBar+DDSkin.h */; };
		6521086F1EF18981004F06FF /* UITabBar+DDSkin.m in Sources */ = {isa = PBXBuildFile; fileRef = 6521086D1EF18981004F06FF /* UITabBar+DDSkin.m */; };
		65A28CBD1EF6A18700E67F25 /* CustomViewController.m in Sources */ = {isa = PBXBuildFile; fileRef = 65A28CBC1EF6A18700E67F25 /* CustomViewController.m */; };
/* End PBXBuildFile section */

/* Begin PBXContainerItemProxy section */
		652107B61EEC59E0004F06FF /* PBXContainerItemProxy */ = {
			isa = PBXContainerItemProxy;
			containerPortal = 6521078A1EEC59C9004F06FF /* Project object */;
			proxyType = 1;
			remoteGlobalIDString = 652107B01EEC59E0004F06FF;
			remoteInfo = DDSkin;
		};
/* End PBXContainerItemProxy section */

/* Begin PBXCopyFilesBuildPhase section */
		652107BD1EEC59E0004F06FF /* Embed Frameworks */ = {
			isa = PBXCopyFilesBuildPhase;
			buildActionMask = 2147483647;
			dstPath = "";
			dstSubfolderSpec = 10;
			files = (
				652107B91EEC59E0004F06FF /* DDSkin.framework in Embed Frameworks */,
			);
			name = "Embed Frameworks";
			runOnlyForDeploymentPostprocessing = 0;
		};
/* End PBXCopyFilesBuildPhase section */

/* Begin PBXFileReference section */
		652107921EEC59C9004F06FF /* DDSkinDemo.app */ = {isa = PBXFileReference; explicitFileType = wrapper.application; includeInIndex = 0; path = DDSkinDemo.app; sourceTree = BUILT_PRODUCTS_DIR; };
		652107961EEC59C9004F06FF /* main.m */ = {isa = PBXFileReference; lastKnownFileType = sourcecode.c.objc; path = main.m; sourceTree = "<group>"; };
		652107981EEC59C9004F06FF /* AppDelegate.h */ = {isa = PBXFileReference; lastKnownFileType = sourcecode.c.h; path = AppDelegate.h; sourceTree = "<group>"; };
		652107991EEC59C9004F06FF /* AppDelegate.m */ = {isa = PBXFileReference; lastKnownFileType = sourcecode.c.objc; path = AppDelegate.m; sourceTree = "<group>"; };
		6521079B1EEC59C9004F06FF /* ViewController.h */ = {isa = PBXFileReference; lastKnownFileType = sourcecode.c.h; path = ViewController.h; sourceTree = "<group>"; };
		6521079C1EEC59C9004F06FF /* ViewController.m */ = {isa = PBXFileReference; lastKnownFileType = sourcecode.c.objc; path = ViewController.m; sourceTree = "<group>"; };
		6521079F1EEC59C9004F06FF /* Base */ = {isa = PBXFileReference; lastKnownFileType = file.storyboard; name = Base; path = Base.lproj/Main.storyboard; sourceTree = "<group>"; };
		652107A11EEC59C9004F06FF /* Assets.xcassets */ = {isa = PBXFileReference; lastKnownFileType = folder.assetcatalog; path = Assets.xcassets; sourceTree = "<group>"; };
		652107A41EEC59C9004F06FF /* Base */ = {isa = PBXFileReference; lastKnownFileType = file.storyboard; name = Base; path = Base.lproj/LaunchScreen.storyboard; sourceTree = "<group>"; };
		652107A61EEC59C9004F06FF /* Info.plist */ = {isa = PBXFileReference; lastKnownFileType = text.plist.xml; path = Info.plist; sourceTree = "<group>"; };
		652107B11EEC59E0004F06FF /* DDSkin.framework */ = {isa = PBXFileReference; explicitFileType = wrapper.framework; includeInIndex = 0; path = DDSkin.framework; sourceTree = BUILT_PRODUCTS_DIR; };
		652107B31EEC59E0004F06FF /* DDSkin.h */ = {isa = PBXFileReference; lastKnownFileType = sourcecode.c.h; path = DDSkin.h; sourceTree = "<group>"; };
		652107B41EEC59E0004F06FF /* Info.plist */ = {isa = PBXFileReference; lastKnownFileType = text.plist.xml; path = Info.plist; sourceTree = "<group>"; };
		652107D01EEC624C004F06FF /* Foundation.framework */ = {isa = PBXFileReference; lastKnownFileType = wrapper.framework; name = Foundation.framework; path = System/Library/Frameworks/Foundation.framework; sourceTree = SDKROOT; };
		652107D21EEC6251004F06FF /* UIKit.framework */ = {isa = PBXFileReference; lastKnownFileType = wrapper.framework; name = UIKit.framework; path = System/Library/Frameworks/UIKit.framework; sourceTree = SDKROOT; };
		652107F41EED3B05004F06FF /* DDSkinCore.h */ = {isa = PBXFileReference; fileEncoding = 4; lastKnownFileType = sourcecode.c.h; path = DDSkinCore.h; sourceTree = "<group>"; };
		652107F51EED3B05004F06FF /* DDSkinCore.m */ = {isa = PBXFileReference; fileEncoding = 4; lastKnownFileType = sourcecode.c.objc; path = DDSkinCore.m; sourceTree = "<group>"; };
		652107F61EED3B05004F06FF /* DDSkinHandler.h */ = {isa = PBXFileReference; fileEncoding = 4; lastKnownFileType = sourcecode.c.h; path = DDSkinHandler.h; sourceTree = "<group>"; };
		652107F71EED3B05004F06FF /* DDSkinHandler.m */ = {isa = PBXFileReference; fileEncoding = 4; lastKnownFileType = sourcecode.c.objc; path = DDSkinHandler.m; sourceTree = "<group>"; };
		652107F81EED3B05004F06FF /* DDSkinMacros.h */ = {isa = PBXFileReference; fileEncoding = 4; lastKnownFileType = sourcecode.c.h; path = DDSkinMacros.h; sourceTree = "<group>"; };
		652107F91EED3B05004F06FF /* DDSkinManager.h */ = {isa = PBXFileReference; fileEncoding = 4; lastKnownFileType = sourcecode.c.h; path = DDSkinManager.h; sourceTree = "<group>"; };
		652107FA1EED3B05004F06FF /* DDSkinManager.m */ = {isa = PBXFileReference; fileEncoding = 4; lastKnownFileType = sourcecode.c.objc; path = DDSkinManager.m; sourceTree = "<group>"; };
		652107FE1EED3B05004F06FF /* UIView+DDSkin.h */ = {isa = PBXFileReference; fileEncoding = 4; lastKnownFileType = sourcecode.c.h; path = "UIView+DDSkin.h"; sourceTree = "<group>"; };
		652107FF1EED3B05004F06FF /* UIView+DDSkin.m */ = {isa = PBXFileReference; fileEncoding = 4; lastKnownFileType = sourcecode.c.objc; path = "UIView+DDSkin.m"; sourceTree = "<group>"; };
		6521080D1EED9DB5004F06FF /* base.plist */ = {isa = PBXFileReference; fileEncoding = 4; lastKnownFileType = text.plist.xml; path = base.plist; sourceTree = "<group>"; };
		6521080F1EED9DC4004F06FF /* day.plist */ = {isa = PBXFileReference; fileEncoding = 4; lastKnownFileType = text.plist.xml; path = day.plist; sourceTree = "<group>"; };
		652108111EED9DCA004F06FF /* night.plist */ = {isa = PBXFileReference; fileEncoding = 4; lastKnownFileType = text.plist.xml; path = night.plist; sourceTree = "<group>"; };
		652108171EEDD9D0004F06FF /* DDSkinDefaultStorage.h */ = {isa = PBXFileReference; fileEncoding = 4; lastKnownFileType = sourcecode.c.h; path = DDSkinDefaultStorage.h; sourceTree = "<group>"; };
		652108181EEDD9D0004F06FF /* DDSkinDefaultStorage.m */ = {isa = PBXFileReference; fileEncoding = 4; lastKnownFileType = sourcecode.c.objc; path = DDSkinDefaultStorage.m; sourceTree = "<group>"; };
		652108191EEDD9D0004F06FF /* DDSkinDefaultStorageParser.h */ = {isa = PBXFileReference; fileEncoding = 4; lastKnownFileType = sourcecode.c.h; path = DDSkinDefaultStorageParser.h; sourceTree = "<group>"; };
		6521081A1EEDD9D0004F06FF /* DDSkinDefaultStorageParser.m */ = {isa = PBXFileReference; fileEncoding = 4; lastKnownFileType = sourcecode.c.objc; path = DDSkinDefaultStorageParser.m; sourceTree = "<group>"; };
		6521081B1EEDD9D0004F06FF /* DDSkinStorage.h */ = {isa = PBXFileReference; fileEncoding = 4; lastKnownFileType = sourcecode.c.h; path = DDSkinStorage.h; sourceTree = "<group>"; };
		6521081C1EEDD9D0004F06FF /* DDSkinStorage.m */ = {isa = PBXFileReference; fileEncoding = 4; lastKnownFileType = sourcecode.c.objc; path = DDSkinStorage.m; sourceTree = "<group>"; };
		652108231EEDDA19004F06FF /* DDSkinStorageImageItem.h */ = {isa = PBXFileReference; fileEncoding = 4; lastKnownFileType = sourcecode.c.h; path = DDSkinStorageImageItem.h; sourceTree = "<group>"; };
		652108241EEDDA19004F06FF /* DDSkinStorageImageItem.m */ = {isa = PBXFileReference; fileEncoding = 4; lastKnownFileType = sourcecode.c.objc; path = DDSkinStorageImageItem.m; sourceTree = "<group>"; };
		652108271EF043B2004F06FF /* DDSkinStorageParserHelper.h */ = {isa = PBXFileReference; fileEncoding = 4; lastKnownFileType = sourcecode.c.h; path = DDSkinStorageParserHelper.h; sourceTree = "<group>"; };
		652108281EF043B2004F06FF /* DDSkinStorageParserHelper.m */ = {isa = PBXFileReference; fileEncoding = 4; lastKnownFileType = sourcecode.c.objc; path = DDSkinStorageParserHelper.m; sourceTree = "<group>"; };
		6521082B1EF04B05004F06FF /* CALayer+DDSkin.h */ = {isa = PBXFileReference; fileEncoding = 4; lastKnownFileType = sourcecode.c.h; path = "CALayer+DDSkin.h"; sourceTree = "<group>"; };
		6521082C1EF04B05004F06FF /* CALayer+DDSkin.m */ = {isa = PBXFileReference; fileEncoding = 4; lastKnownFileType = sourcecode.c.objc; path = "CALayer+DDSkin.m"; sourceTree = "<group>"; };
		6521082F1EF0519F004F06FF /* DDSkinUIMacros.h */ = {isa = PBXFileReference; lastKnownFileType = sourcecode.c.h; path = DDSkinUIMacros.h; sourceTree = "<group>"; };
		652108301EF054E9004F06FF /* UIImageView+DDSkin.h */ = {isa = PBXFileReference; fileEncoding = 4; lastKnownFileType = sourcecode.c.h; path = "UIImageView+DDSkin.h"; sourceTree = "<group>"; };
		652108311EF054E9004F06FF /* UIImageView+DDSkin.m */ = {isa = PBXFileReference; fileEncoding = 4; lastKnownFileType = sourcecode.c.objc; path = "UIImageView+DDSkin.m"; sourceTree = "<group>"; };
		652108341EF17EEF004F06FF /* UILabel+DDSkin.h */ = {isa = PBXFileReference; fileEncoding = 4; lastKnownFileType = sourcecode.c.h; path = "UILabel+DDSkin.h"; sourceTree = "<group>"; };
		652108351EF17EEF004F06FF /* UILabel+DDSkin.m */ = {isa = PBXFileReference; fileEncoding = 4; lastKnownFileType = sourcecode.c.objc; path = "UILabel+DDSkin.m"; sourceTree = "<group>"; };
		652108381EF184B5004F06FF /* UIButton+DDSkin.h */ = {isa = PBXFileReference; fileEncoding = 4; lastKnownFileType = sourcecode.c.h; path = "UIButton+DDSkin.h"; sourceTree = "<group>"; };
		652108391EF184B5004F06FF /* UIButton+DDSkin.m */ = {isa = PBXFileReference; fileEncoding = 4; lastKnownFileType = sourcecode.c.objc; path = "UIButton+DDSkin.m"; sourceTree = "<group>"; };
		6521083C1EF18699004F06FF /* UITextField+DDSkin.h */ = {isa = PBXFileReference; fileEncoding = 4; lastKnownFileType = sourcecode.c.h; path = "UITextField+DDSkin.h"; sourceTree = "<group>"; };
		6521083D1EF18699004F06FF /* UITextField+DDSkin.m */ = {isa = PBXFileReference; fileEncoding = 4; lastKnownFileType = sourcecode.c.objc; path = "UITextField+DDSkin.m"; sourceTree = "<group>"; };
		652108401EF186D2004F06FF /* UITextView+DDSkin.h */ = {isa = PBXFileReference; fileEncoding = 4; lastKnownFileType = sourcecode.c.h; path = "UITextView+DDSkin.h"; sourceTree = "<group>"; };
		652108411EF186D2004F06FF /* UITextView+DDSkin.m */ = {isa = PBXFileReference; fileEncoding = 4; lastKnownFileType = sourcecode.c.objc; path = "UITextView+DDSkin.m"; sourceTree = "<group>"; };
		652108441EF186FE004F06FF /* UISlider+DDSkin.h */ = {isa = PBXFileReference; fileEncoding = 4; lastKnownFileType = sourcecode.c.h; path = "UISlider+DDSkin.h"; sourceTree = "<group>"; };
		652108451EF186FE004F06FF /* UISlider+DDSkin.m */ = {isa = PBXFileReference; fileEncoding = 4; lastKnownFileType = sourcecode.c.objc; path = "UISlider+DDSkin.m"; sourceTree = "<group>"; };
		652108481EF18723004F06FF /* UISwitch+DDSkin.h */ = {isa = PBXFileReference; fileEncoding = 4; lastKnownFileType = sourcecode.c.h; path = "UISwitch+DDSkin.h"; sourceTree = "<group>"; };
		652108491EF18723004F06FF /* UISwitch+DDSkin.m */ = {isa = PBXFileReference; fileEncoding = 4; lastKnownFileType = sourcecode.c.objc; path = "UISwitch+DDSkin.m"; sourceTree = "<group>"; };
		6521084C1EF1874D004F06FF /* UIActivityIndicatorView+DDSkin.h */ = {isa = PBXFileReference; fileEncoding = 4; lastKnownFileType = sourcecode.c.h; path = "UIActivityIndicatorView+DDSkin.h"; sourceTree = "<group>"; };
		6521084D1EF1874D004F06FF /* UIActivityIndicatorView+DDSkin.m */ = {isa = PBXFileReference; fileEncoding = 4; lastKnownFileType = sourcecode.c.objc; path = "UIActivityIndicatorView+DDSkin.m"; sourceTree = "<group>"; };
		652108501EF18771004F06FF /* UIProgressView+DDSkin.h */ = {isa = PBXFileReference; fileEncoding = 4; lastKnownFileType = sourcecode.c.h; path = "UIProgressView+DDSkin.h"; sourceTree = "<group>"; };
		652108511EF18771004F06FF /* UIProgressView+DDSkin.m */ = {isa = PBXFileReference; fileEncoding = 4; lastKnownFileType = sourcecode.c.objc; path = "UIProgressView+DDSkin.m"; sourceTree = "<group>"; };
		652108541EF18794004F06FF /* UIPageControl+DDSkin.h */ = {isa = PBXFileReference; fileEncoding = 4; lastKnownFileType = sourcecode.c.h; path = "UIPageControl+DDSkin.h"; sourceTree = "<group>"; };
		652108551EF18794004F06FF /* UIPageControl+DDSkin.m */ = {isa = PBXFileReference; fileEncoding = 4; lastKnownFileType = sourcecode.c.objc; path = "UIPageControl+DDSkin.m"; sourceTree = "<group>"; };
		652108581EF18868004F06FF /* UITableView+DDSkin.h */ = {isa = PBXFileReference; fileEncoding = 4; lastKnownFileType = sourcecode.c.h; path = "UITableView+DDSkin.h"; sourceTree = "<group>"; };
		652108591EF18868004F06FF /* UITableView+DDSkin.m */ = {isa = PBXFileReference; fileEncoding = 4; lastKnownFileType = sourcecode.c.objc; path = "UITableView+DDSkin.m"; sourceTree = "<group>"; };
		6521085C1EF1887B004F06FF /* UITableViewCell+DDSkin.h */ = {isa = PBXFileReference; fileEncoding = 4; lastKnownFileType = sourcecode.c.h; path = "UITableViewCell+DDSkin.h"; sourceTree = "<group>"; };
		6521085D1EF1887B004F06FF /* UITableViewCell+DDSkin.m */ = {isa = PBXFileReference; fileEncoding = 4; lastKnownFileType = sourcecode.c.objc; path = "UITableViewCell+DDSkin.m"; sourceTree = "<group>"; };
		652108601EF188EC004F06FF /* UIScrollView+DDSkin.h */ = {isa = PBXFileReference; fileEncoding = 4; lastKnownFileType = sourcecode.c.h; path = "UIScrollView+DDSkin.h"; sourceTree = "<group>"; };
		652108611EF188EC004F06FF /* UIScrollView+DDSkin.m */ = {isa = PBXFileReference; fileEncoding = 4; lastKnownFileType = sourcecode.c.objc; path = "UIScrollView+DDSkin.m"; sourceTree = "<group>"; };
		652108641EF18937004F06FF /* UINavigationBar+DDSkin.h */ = {isa = PBXFileReference; fileEncoding = 4; lastKnownFileType = sourcecode.c.h; path = "UINavigationBar+DDSkin.h"; sourceTree = "<group>"; };
		652108651EF18937004F06FF /* UINavigationBar+DDSkin.m */ = {isa = PBXFileReference; fileEncoding = 4; lastKnownFileType = sourcecode.c.objc; path = "UINavigationBar+DDSkin.m"; sourceTree = "<group>"; };
		652108681EF18955004F06FF /* UIToolbar+DDSkin.h */ = {isa = PBXFileReference; fileEncoding = 4; lastKnownFileType = sourcecode.c.h; path = "UIToolbar+DDSkin.h"; sourceTree = "<group>"; };
		652108691EF18955004F06FF /* UIToolbar+DDSkin.m */ = {isa = PBXFileReference; fileEncoding = 4; lastKnownFileType = sourcecode.c.objc; path = "UIToolbar+DDSkin.m"; sourceTree = "<group>"; };
		6521086C1EF18981004F06FF /* UITabBar+DDSkin.h */ = {isa = PBXFileReference; fileEncoding = 4; lastKnownFileType = sourcecode.c.h; path = "UITabBar+DDSkin.h"; sourceTree = "<group>"; };
		6521086D1EF18981004F06FF /* UITabBar+DDSkin.m */ = {isa = PBXFileReference; fileEncoding = 4; lastKnownFileType = sourcecode.c.objc; path = "UITabBar+DDSkin.m"; sourceTree = "<group>"; };
		65A28CBB1EF6A18700E67F25 /* CustomViewController.h */ = {isa = PBXFileReference; fileEncoding = 4; lastKnownFileType = sourcecode.c.h; path = CustomViewController.h; sourceTree = "<group>"; };
		65A28CBC1EF6A18700E67F25 /* CustomViewController.m */ = {isa = PBXFileReference; fileEncoding = 4; lastKnownFileType = sourcecode.c.objc; path = CustomViewController.m; sourceTree = "<group>"; };
/* End PBXFileReference section */

/* Begin PBXFrameworksBuildPhase section */
		6521078F1EEC59C9004F06FF /* Frameworks */ = {
			isa = PBXFrameworksBuildPhase;
			buildActionMask = 2147483647;
			files = (
				652107B81EEC59E0004F06FF /* DDSkin.framework in Frameworks */,
			);
			runOnlyForDeploymentPostprocessing = 0;
		};
		652107AD1EEC59E0004F06FF /* Frameworks */ = {
			isa = PBXFrameworksBuildPhase;
			buildActionMask = 2147483647;
			files = (
				652107D31EEC6251004F06FF /* UIKit.framework in Frameworks */,
				652107D11EEC624C004F06FF /* Foundation.framework in Frameworks */,
			);
			runOnlyForDeploymentPostprocessing = 0;
		};
/* End PBXFrameworksBuildPhase section */

/* Begin PBXGroup section */
		652107891EEC59C9004F06FF = {
			isa = PBXGroup;
			children = (
				652107F11EED3B05004F06FF /* Classes */,
				652107941EEC59C9004F06FF /* DDSkinDemo */,
				652107B21EEC59E0004F06FF /* DDSkin */,
				652107931EEC59C9004F06FF /* Products */,
				652107CF1EEC624C004F06FF /* Frameworks */,
			);
			sourceTree = "<group>";
		};
		652107931EEC59C9004F06FF /* Products */ = {
			isa = PBXGroup;
			children = (
				652107921EEC59C9004F06FF /* DDSkinDemo.app */,
				652107B11EEC59E0004F06FF /* DDSkin.framework */,
			);
			name = Products;
			sourceTree = "<group>";
		};
		652107941EEC59C9004F06FF /* DDSkinDemo */ = {
			isa = PBXGroup;
			children = (
				6521080D1EED9DB5004F06FF /* base.plist */,
				6521080F1EED9DC4004F06FF /* day.plist */,
				652108111EED9DCA004F06FF /* night.plist */,
				652107981EEC59C9004F06FF /* AppDelegate.h */,
				652107991EEC59C9004F06FF /* AppDelegate.m */,
				6521079B1EEC59C9004F06FF /* ViewController.h */,
				6521079C1EEC59C9004F06FF /* ViewController.m */,
				65A28CBB1EF6A18700E67F25 /* CustomViewController.h */,
				65A28CBC1EF6A18700E67F25 /* CustomViewController.m */,
				6521079E1EEC59C9004F06FF /* Main.storyboard */,
				652107A11EEC59C9004F06FF /* Assets.xcassets */,
				652107A31EEC59C9004F06FF /* LaunchScreen.storyboard */,
				652107A61EEC59C9004F06FF /* Info.plist */,
				652107951EEC59C9004F06FF /* Supporting Files */,
			);
			path = DDSkinDemo;
			sourceTree = "<group>";
		};
		652107951EEC59C9004F06FF /* Supporting Files */ = {
			isa = PBXGroup;
			children = (
				652107961EEC59C9004F06FF /* main.m */,
			);
			name = "Supporting Files";
			sourceTree = "<group>";
		};
		652107B21EEC59E0004F06FF /* DDSkin */ = {
			isa = PBXGroup;
			children = (
				652107B31EEC59E0004F06FF /* DDSkin.h */,
				652107B41EEC59E0004F06FF /* Info.plist */,
			);
			path = DDSkin;
			sourceTree = "<group>";
		};
		652107CF1EEC624C004F06FF /* Frameworks */ = {
			isa = PBXGroup;
			children = (
				652107D21EEC6251004F06FF /* UIKit.framework */,
				652107D01EEC624C004F06FF /* Foundation.framework */,
			);
			name = Frameworks;
			sourceTree = "<group>";
		};
		652107F11EED3B05004F06FF /* Classes */ = {
			isa = PBXGroup;
			children = (
				652107F41EED3B05004F06FF /* DDSkinCore.h */,
				652107F51EED3B05004F06FF /* DDSkinCore.m */,
				652107F61EED3B05004F06FF /* DDSkinHandler.h */,
				652107F71EED3B05004F06FF /* DDSkinHandler.m */,
				652107F81EED3B05004F06FF /* DDSkinMacros.h */,
				652107F91EED3B05004F06FF /* DDSkinManager.h */,
				652107FA1EED3B05004F06FF /* DDSkinManager.m */,
				652108161EEDD9D0004F06FF /* Model */,
				652107FD1EED3B05004F06FF /* UIKit */,
			);
			path = Classes;
			sourceTree = "<group>";
		};
		652107FD1EED3B05004F06FF /* UIKit */ = {
			isa = PBXGroup;
			children = (
				6521082F1EF0519F004F06FF /* DDSkinUIMacros.h */,
				6521082B1EF04B05004F06FF /* CALayer+DDSkin.h */,
				6521082C1EF04B05004F06FF /* CALayer+DDSkin.m */,
				652107FE1EED3B05004F06FF /* UIView+DDSkin.h */,
				652107FF1EED3B05004F06FF /* UIView+DDSkin.m */,
				652108301EF054E9004F06FF /* UIImageView+DDSkin.h */,
				652108311EF054E9004F06FF /* UIImageView+DDSkin.m */,
				652108341EF17EEF004F06FF /* UILabel+DDSkin.h */,
				652108351EF17EEF004F06FF /* UILabel+DDSkin.m */,
				652108381EF184B5004F06FF /* UIButton+DDSkin.h */,
				652108391EF184B5004F06FF /* UIButton+DDSkin.m */,
				6521083C1EF18699004F06FF /* UITextField+DDSkin.h */,
				6521083D1EF18699004F06FF /* UITextField+DDSkin.m */,
				652108401EF186D2004F06FF /* UITextView+DDSkin.h */,
				652108411EF186D2004F06FF /* UITextView+DDSkin.m */,
				652108441EF186FE004F06FF /* UISlider+DDSkin.h */,
				652108451EF186FE004F06FF /* UISlider+DDSkin.m */,
				652108481EF18723004F06FF /* UISwitch+DDSkin.h */,
				652108491EF18723004F06FF /* UISwitch+DDSkin.m */,
				6521084C1EF1874D004F06FF /* UIActivityIndicatorView+DDSkin.h */,
				6521084D1EF1874D004F06FF /* UIActivityIndicatorView+DDSkin.m */,
				652108501EF18771004F06FF /* UIProgressView+DDSkin.h */,
				652108511EF18771004F06FF /* UIProgressView+DDSkin.m */,
				652108541EF18794004F06FF /* UIPageControl+DDSkin.h */,
				652108551EF18794004F06FF /* UIPageControl+DDSkin.m */,
				652108581EF18868004F06FF /* UITableView+DDSkin.h */,
				652108591EF18868004F06FF /* UITableView+DDSkin.m */,
				6521085C1EF1887B004F06FF /* UITableViewCell+DDSkin.h */,
				6521085D1EF1887B004F06FF /* UITableViewCell+DDSkin.m */,
				652108601EF188EC004F06FF /* UIScrollView+DDSkin.h */,
				652108611EF188EC004F06FF /* UIScrollView+DDSkin.m */,
				652108641EF18937004F06FF /* UINavigationBar+DDSkin.h */,
				652108651EF18937004F06FF /* UINavigationBar+DDSkin.m */,
				652108681EF18955004F06FF /* UIToolbar+DDSkin.h */,
				652108691EF18955004F06FF /* UIToolbar+DDSkin.m */,
				6521086C1EF18981004F06FF /* UITabBar+DDSkin.h */,
				6521086D1EF18981004F06FF /* UITabBar+DDSkin.m */,
			);
			path = UIKit;
			sourceTree = "<group>";
		};
		652108161EEDD9D0004F06FF /* Model */ = {
			isa = PBXGroup;
			children = (
				652108171EEDD9D0004F06FF /* DDSkinDefaultStorage.h */,
				652108181EEDD9D0004F06FF /* DDSkinDefaultStorage.m */,
				652108191EEDD9D0004F06FF /* DDSkinDefaultStorageParser.h */,
				6521081A1EEDD9D0004F06FF /* DDSkinDefaultStorageParser.m */,
				652108271EF043B2004F06FF /* DDSkinStorageParserHelper.h */,
				652108281EF043B2004F06FF /* DDSkinStorageParserHelper.m */,
				6521081B1EEDD9D0004F06FF /* DDSkinStorage.h */,
				6521081C1EEDD9D0004F06FF /* DDSkinStorage.m */,
				652108231EEDDA19004F06FF /* DDSkinStorageImageItem.h */,
				652108241EEDDA19004F06FF /* DDSkinStorageImageItem.m */,
			);
			path = Model;
			sourceTree = "<group>";
		};
/* End PBXGroup section */

/* Begin PBXHeadersBuildPhase section */
		652107AE1EEC59E0004F06FF /* Headers */ = {
			isa = PBXHeadersBuildPhase;
			buildActionMask = 2147483647;
			files = (
				652108561EF18794004F06FF /* UIPageControl+DDSkin.h in Headers */,
				6521086E1EF18981004F06FF /* UITabBar+DDSkin.h in Headers */,
				6521081F1EEDD9D0004F06FF /* DDSkinDefaultStorageParser.h in Headers */,
				652108421EF186D2004F06FF /* UITextView+DDSkin.h in Headers */,
				652108521EF18771004F06FF /* UIProgressView+DDSkin.h in Headers */,
				652108041EED3B05004F06FF /* DDSkinHandler.h in Headers */,
				652107B51EEC59E0004F06FF /* DDSkin.h in Headers */,
				652108461EF186FE004F06FF /* UISlider+DDSkin.h in Headers */,
				652108621EF188EC004F06FF /* UIScrollView+DDSkin.h in Headers */,
				6521082D1EF04B05004F06FF /* CALayer+DDSkin.h in Headers */,
				652108361EF17EEF004F06FF /* UILabel+DDSkin.h in Headers */,
				652108061EED3B05004F06FF /* DDSkinMacros.h in Headers */,
				6521085A1EF18868004F06FF /* UITableView+DDSkin.h in Headers */,
				652108251EEDDA19004F06FF /* DDSkinStorageImageItem.h in Headers */,
				6521083A1EF184B5004F06FF /* UIButton+DDSkin.h in Headers */,
				6521086A1EF18955004F06FF /* UIToolbar+DDSkin.h in Headers */,
				652108321EF054E9004F06FF /* UIImageView+DDSkin.h in Headers */,
				6521083E1EF18699004F06FF /* UITextField+DDSkin.h in Headers */,
				652108021EED3B05004F06FF /* DDSkinCore.h in Headers */,
				6521080B1EED3B05004F06FF /* UIView+DDSkin.h in Headers */,
				652108211EEDD9D0004F06FF /* DDSkinStorage.h in Headers */,
				652108071EED3B05004F06FF /* DDSkinManager.h in Headers */,
				6521084A1EF18723004F06FF /* UISwitch+DDSkin.h in Headers */,
				652108661EF18937004F06FF /* UINavigationBar+DDSkin.h in Headers */,
				652108291EF043B2004F06FF /* DDSkinStorageParserHelper.h in Headers */,
				6521084E1EF1874D004F06FF /* UIActivityIndicatorView+DDSkin.h in Headers */,
				6521081D1EEDD9D0004F06FF /* DDSkinDefaultStorage.h in Headers */,
				6521085E1EF1887B004F06FF /* UITableViewCell+DDSkin.h in Headers */,
			);
			runOnlyForDeploymentPostprocessing = 0;
		};
/* End PBXHeadersBuildPhase section */

/* Begin PBXNativeTarget section */
		652107911EEC59C9004F06FF /* DDSkinDemo */ = {
			isa = PBXNativeTarget;
			buildConfigurationList = 652107A91EEC59C9004F06FF /* Build configuration list for PBXNativeTarget "DDSkinDemo" */;
			buildPhases = (
				6521078E1EEC59C9004F06FF /* Sources */,
				6521078F1EEC59C9004F06FF /* Frameworks */,
				652107901EEC59C9004F06FF /* Resources */,
				652107BD1EEC59E0004F06FF /* Embed Frameworks */,
			);
			buildRules = (
			);
			dependencies = (
				652107B71EEC59E0004F06FF /* PBXTargetDependency */,
			);
			name = DDSkinDemo;
			productName = DDSkinDemo;
			productReference = 652107921EEC59C9004F06FF /* DDSkinDemo.app */;
			productType = "com.apple.product-type.application";
		};
		652107B01EEC59E0004F06FF /* DDSkin */ = {
			isa = PBXNativeTarget;
			buildConfigurationList = 652107BC1EEC59E0004F06FF /* Build configuration list for PBXNativeTarget "DDSkin" */;
			buildPhases = (
				652107AC1EEC59E0004F06FF /* Sources */,
				652107AD1EEC59E0004F06FF /* Frameworks */,
				652107AE1EEC59E0004F06FF /* Headers */,
				652107AF1EEC59E0004F06FF /* Resources */,
			);
			buildRules = (
			);
			dependencies = (
			);
			name = DDSkin;
			productName = DDSkin;
			productReference = 652107B11EEC59E0004F06FF /* DDSkin.framework */;
			productType = "com.apple.product-type.framework";
		};
/* End PBXNativeTarget section */

/* Begin PBXProject section */
		6521078A1EEC59C9004F06FF /* Project object */ = {
			isa = PBXProject;
			attributes = {
				LastUpgradeCheck = 0830;
				ORGANIZATIONNAME = Daniel;
				TargetAttributes = {
					652107911EEC59C9004F06FF = {
						CreatedOnToolsVersion = 8.3.2;
						ProvisioningStyle = Automatic;
					};
					652107B01EEC59E0004F06FF = {
						CreatedOnToolsVersion = 8.3.2;
						ProvisioningStyle = Automatic;
					};
				};
			};
			buildConfigurationList = 6521078D1EEC59C9004F06FF /* Build configuration list for PBXProject "DDSkinDemo" */;
			compatibilityVersion = "Xcode 3.2";
			developmentRegion = English;
			hasScannedForEncodings = 0;
			knownRegions = (
				en,
				Base,
			);
			mainGroup = 652107891EEC59C9004F06FF;
			productRefGroup = 652107931EEC59C9004F06FF /* Products */;
			projectDirPath = "";
			projectRoot = "";
			targets = (
				652107911EEC59C9004F06FF /* DDSkinDemo */,
				652107B01EEC59E0004F06FF /* DDSkin */,
			);
		};
/* End PBXProject section */

/* Begin PBXResourcesBuildPhase section */
		652107901EEC59C9004F06FF /* Resources */ = {
			isa = PBXResourcesBuildPhase;
			buildActionMask = 2147483647;
			files = (
				652107A51EEC59C9004F06FF /* LaunchScreen.storyboard in Resources */,
				652108121EED9DCA004F06FF /* night.plist in Resources */,
				652108101EED9DC4004F06FF /* day.plist in Resources */,
				652107A21EEC59C9004F06FF /* Assets.xcassets in Resources */,
				652107A01EEC59C9004F06FF /* Main.storyboard in Resources */,
				6521080E1EED9DB5004F06FF /* base.plist in Resources */,
			);
			runOnlyForDeploymentPostprocessing = 0;
		};
		652107AF1EEC59E0004F06FF /* Resources */ = {
			isa = PBXResourcesBuildPhase;
			buildActionMask = 2147483647;
			files = (
			);
			runOnlyForDeploymentPostprocessing = 0;
		};
/* End PBXResourcesBuildPhase section */

/* Begin PBXSourcesBuildPhase section */
		6521078E1EEC59C9004F06FF /* Sources */ = {
			isa = PBXSourcesBuildPhase;
			buildActionMask = 2147483647;
			files = (
				6521079D1EEC59C9004F06FF /* ViewController.m in Sources */,
				6521079A1EEC59C9004F06FF /* AppDelegate.m in Sources */,
				652107971EEC59C9004F06FF /* main.m in Sources */,
				65A28CBD1EF6A18700E67F25 /* CustomViewController.m in Sources */,
			);
			runOnlyForDeploymentPostprocessing = 0;
		};
		652107AC1EEC59E0004F06FF /* Sources */ = {
			isa = PBXSourcesBuildPhase;
			buildActionMask = 2147483647;
			files = (
				6521083F1EF18699004F06FF /* UITextField+DDSkin.m in Sources */,
				652108031EED3B05004F06FF /* DDSkinCore.m in Sources */,
				652108051EED3B05004F06FF /* DDSkinHandler.m in Sources */,
				6521084B1EF18723004F06FF /* UISwitch+DDSkin.m in Sources */,
				6521085F1EF1887B004F06FF /* UITableViewCell+DDSkin.m in Sources */,
				6521081E1EEDD9D0004F06FF /* DDSkinDefaultStorage.m in Sources */,
				652108671EF18937004F06FF /* UINavigationBar+DDSkin.m in Sources */,
				652108631EF188EC004F06FF /* UIScrollView+DDSkin.m in Sources */,
				6521086F1EF18981004F06FF /* UITabBar+DDSkin.m in Sources */,
				652108571EF18794004F06FF /* UIPageControl+DDSkin.m in Sources */,
				6521082A1EF043B2004F06FF /* DDSkinStorageParserHelper.m in Sources */,
				652108471EF186FE004F06FF /* UISlider+DDSkin.m in Sources */,
				6521086B1EF18955004F06FF /* UIToolbar+DDSkin.m in Sources */,
				652108201EEDD9D0004F06FF /* DDSkinDefaultStorageParser.m in Sources */,
				652108371EF17EEF004F06FF /* UILabel+DDSkin.m in Sources */,
				6521080C1EED3B05004F06FF /* UIView+DDSkin.m in Sources */,
				652108081EED3B05004F06FF /* DDSkinManager.m in Sources */,
				652108221EEDD9D0004F06FF /* DDSkinStorage.m in Sources */,
				6521084F1EF1874D004F06FF /* UIActivityIndicatorView+DDSkin.m in Sources */,
				6521085B1EF18868004F06FF /* UITableView+DDSkin.m in Sources */,
				652108431EF186D2004F06FF /* UITextView+DDSkin.m in Sources */,
				6521082E1EF04B05004F06FF /* CALayer+DDSkin.m in Sources */,
				652108531EF18771004F06FF /* UIProgressView+DDSkin.m in Sources */,
				652108261EEDDA19004F06FF /* DDSkinStorageImageItem.m in Sources */,
				652108331EF054E9004F06FF /* UIImageView+DDSkin.m in Sources */,
				6521083B1EF184B5004F06FF /* UIButton+DDSkin.m in Sources */,
			);
			runOnlyForDeploymentPostprocessing = 0;
		};
/* End PBXSourcesBuildPhase section */

/* Begin PBXTargetDependency section */
		652107B71EEC59E0004F06FF /* PBXTargetDependency */ = {
			isa = PBXTargetDependency;
			target = 652107B01EEC59E0004F06FF /* DDSkin */;
			targetProxy = 652107B61EEC59E0004F06FF /* PBXContainerItemProxy */;
		};
/* End PBXTargetDependency section */

/* Begin PBXVariantGroup section */
		6521079E1EEC59C9004F06FF /* Main.storyboard */ = {
			isa = PBXVariantGroup;
			children = (
				6521079F1EEC59C9004F06FF /* Base */,
			);
			name = Main.storyboard;
			sourceTree = "<group>";
		};
		652107A31EEC59C9004F06FF /* LaunchScreen.storyboard */ = {
			isa = PBXVariantGroup;
			children = (
				652107A41EEC59C9004F06FF /* Base */,
			);
			name = LaunchScreen.storyboard;
			sourceTree = "<group>";
		};
/* End PBXVariantGroup section */

/* Begin XCBuildConfiguration section */
		652107A71EEC59C9004F06FF /* Debug */ = {
			isa = XCBuildConfiguration;
			buildSettings = {
				ALWAYS_SEARCH_USER_PATHS = NO;
				CLANG_ANALYZER_NONNULL = YES;
				CLANG_ANALYZER_NUMBER_OBJECT_CONVERSION = YES_AGGRESSIVE;
				CLANG_CXX_LANGUAGE_STANDARD = "gnu++0x";
				CLANG_CXX_LIBRARY = "libc++";
				CLANG_ENABLE_MODULES = YES;
				CLANG_ENABLE_OBJC_ARC = YES;
				CLANG_WARN_BOOL_CONVERSION = YES;
				CLANG_WARN_CONSTANT_CONVERSION = YES;
				CLANG_WARN_DIRECT_OBJC_ISA_USAGE = YES_ERROR;
				CLANG_WARN_DOCUMENTATION_COMMENTS = YES;
				CLANG_WARN_EMPTY_BODY = YES;
				CLANG_WARN_ENUM_CONVERSION = YES;
				CLANG_WARN_INFINITE_RECURSION = YES;
				CLANG_WARN_INT_CONVERSION = YES;
				CLANG_WARN_OBJC_ROOT_CLASS = YES_ERROR;
				CLANG_WARN_SUSPICIOUS_MOVE = YES;
				CLANG_WARN_UNREACHABLE_CODE = YES;
				CLANG_WARN__DUPLICATE_METHOD_MATCH = YES;
				"CODE_SIGN_IDENTITY[sdk=iphoneos*]" = "iPhone Developer";
				COPY_PHASE_STRIP = NO;
				DEBUG_INFORMATION_FORMAT = dwarf;
				ENABLE_STRICT_OBJC_MSGSEND = YES;
				ENABLE_TESTABILITY = YES;
				GCC_C_LANGUAGE_STANDARD = gnu99;
				GCC_DYNAMIC_NO_PIC = NO;
				GCC_NO_COMMON_BLOCKS = YES;
				GCC_OPTIMIZATION_LEVEL = 0;
				GCC_PREPROCESSOR_DEFINITIONS = (
					"DEBUG=1",
					"$(inherited)",
				);
				GCC_WARN_64_TO_32_BIT_CONVERSION = YES;
				GCC_WARN_ABOUT_RETURN_TYPE = YES_ERROR;
				GCC_WARN_UNDECLARED_SELECTOR = YES;
				GCC_WARN_UNINITIALIZED_AUTOS = YES_AGGRESSIVE;
				GCC_WARN_UNUSED_FUNCTION = YES;
				GCC_WARN_UNUSED_VARIABLE = YES;
				IPHONEOS_DEPLOYMENT_TARGET = 10.3;
				MTL_ENABLE_DEBUG_INFO = YES;
				ONLY_ACTIVE_ARCH = YES;
				SDKROOT = iphoneos;
			};
			name = Debug;
		};
		652107A81EEC59C9004F06FF /* Release */ = {
			isa = XCBuildConfiguration;
			buildSettings = {
				ALWAYS_SEARCH_USER_PATHS = NO;
				CLANG_ANALYZER_NONNULL = YES;
				CLANG_ANALYZER_NUMBER_OBJECT_CONVERSION = YES_AGGRESSIVE;
				CLANG_CXX_LANGUAGE_STANDARD = "gnu++0x";
				CLANG_CXX_LIBRARY = "libc++";
				CLANG_ENABLE_MODULES = YES;
				CLANG_ENABLE_OBJC_ARC = YES;
				CLANG_WARN_BOOL_CONVERSION = YES;
				CLANG_WARN_CONSTANT_CONVERSION = YES;
				CLANG_WARN_DIRECT_OBJC_ISA_USAGE = YES_ERROR;
				CLANG_WARN_DOCUMENTATION_COMMENTS = YES;
				CLANG_WARN_EMPTY_BODY = YES;
				CLANG_WARN_ENUM_CONVERSION = YES;
				CLANG_WARN_INFINITE_RECURSION = YES;
				CLANG_WARN_INT_CONVERSION = YES;
				CLANG_WARN_OBJC_ROOT_CLASS = YES_ERROR;
				CLANG_WARN_SUSPICIOUS_MOVE = YES;
				CLANG_WARN_UNREACHABLE_CODE = YES;
				CLANG_WARN__DUPLICATE_METHOD_MATCH = YES;
				"CODE_SIGN_IDENTITY[sdk=iphoneos*]" = "iPhone Developer";
				COPY_PHASE_STRIP = NO;
				DEBUG_INFORMATION_FORMAT = "dwarf-with-dsym";
				ENABLE_NS_ASSERTIONS = NO;
				ENABLE_STRICT_OBJC_MSGSEND = YES;
				GCC_C_LANGUAGE_STANDARD = gnu99;
				GCC_NO_COMMON_BLOCKS = YES;
				GCC_WARN_64_TO_32_BIT_CONVERSION = YES;
				GCC_WARN_ABOUT_RETURN_TYPE = YES_ERROR;
				GCC_WARN_UNDECLARED_SELECTOR = YES;
				GCC_WARN_UNINITIALIZED_AUTOS = YES_AGGRESSIVE;
				GCC_WARN_UNUSED_FUNCTION = YES;
				GCC_WARN_UNUSED_VARIABLE = YES;
				IPHONEOS_DEPLOYMENT_TARGET = 10.3;
				MTL_ENABLE_DEBUG_INFO = NO;
				SDKROOT = iphoneos;
				VALIDATE_PRODUCT = YES;
			};
			name = Release;
		};
		652107AA1EEC59C9004F06FF /* Debug */ = {
			isa = XCBuildConfiguration;
			buildSettings = {
				ASSETCATALOG_COMPILER_APPICON_NAME = AppIcon;
				INFOPLIST_FILE = DDSkinDemo/Info.plist;
				LD_RUNPATH_SEARCH_PATHS = "$(inherited) @executable_path/Frameworks";
				PRODUCT_BUNDLE_IDENTIFIER = com.djs66256.DDSkinDemo;
				PRODUCT_NAME = "$(TARGET_NAME)";
			};
			name = Debug;
		};
		652107AB1EEC59C9004F06FF /* Release */ = {
			isa = XCBuildConfiguration;
			buildSettings = {
				ASSETCATALOG_COMPILER_APPICON_NAME = AppIcon;
				INFOPLIST_FILE = DDSkinDemo/Info.plist;
				LD_RUNPATH_SEARCH_PATHS = "$(inherited) @executable_path/Frameworks";
				PRODUCT_BUNDLE_IDENTIFIER = com.djs66256.DDSkinDemo;
				PRODUCT_NAME = "$(TARGET_NAME)";
			};
			name = Release;
		};
		652107BA1EEC59E0004F06FF /* Debug */ = {
			isa = XCBuildConfiguration;
			buildSettings = {
				CODE_SIGN_IDENTITY = "";
				CURRENT_PROJECT_VERSION = 1;
				DEFINES_MODULE = YES;
				DYLIB_COMPATIBILITY_VERSION = 1;
				DYLIB_CURRENT_VERSION = 1;
				DYLIB_INSTALL_NAME_BASE = "@rpath";
				INFOPLIST_FILE = DDSkin/Info.plist;
				INSTALL_PATH = "$(LOCAL_LIBRARY_DIR)/Frameworks";
				LD_RUNPATH_SEARCH_PATHS = "$(inherited) @executable_path/Frameworks @loader_path/Frameworks";
				PRODUCT_BUNDLE_IDENTIFIER = com.djs66256.DDSkin;
				PRODUCT_NAME = "$(TARGET_NAME)";
				SKIP_INSTALL = YES;
				TARGETED_DEVICE_FAMILY = "1,2";
				VERSIONING_SYSTEM = "apple-generic";
				VERSION_INFO_PREFIX = "";
			};
			name = Debug;
		};
		652107BB1EEC59E0004F06FF /* Release */ = {
			isa = XCBuildConfiguration;
			buildSettings = {
				CODE_SIGN_IDENTITY = "";
				CURRENT_PROJECT_VERSION = 1;
				DEFINES_MODULE = YES;
				DYLIB_COMPATIBILITY_VERSION = 1;
				DYLIB_CURRENT_VERSION = 1;
				DYLIB_INSTALL_NAME_BASE = "@rpath";
				INFOPLIST_FILE = DDSkin/Info.plist;
				INSTALL_PATH = "$(LOCAL_LIBRARY_DIR)/Frameworks";
				LD_RUNPATH_SEARCH_PATHS = "$(inherited) @executable_path/Frameworks @loader_path/Frameworks";
				PRODUCT_BUNDLE_IDENTIFIER = com.djs66256.DDSkin;
				PRODUCT_NAME = "$(TARGET_NAME)";
				SKIP_INSTALL = YES;
				TARGETED_DEVICE_FAMILY = "1,2";
				VERSIONING_SYSTEM = "apple-generic";
				VERSION_INFO_PREFIX = "";
			};
			name = Release;
		};
/* End XCBuildConfiguration section */

/* Begin XCConfigurationList section */
		6521078D1EEC59C9004F06FF /* Build configuration list for PBXProject "DDSkinDemo" */ = {
			isa = XCConfigurationList;
			buildConfigurations = (
				652107A71EEC59C9004F06FF /* Debug */,
				652107A81EEC59C9004F06FF /* Release */,
			);
			defaultConfigurationIsVisible = 0;
			defaultConfigurationName = Release;
		};
		652107A91EEC59C9004F06FF /* Build configuration list for PBXNativeTarget "DDSkinDemo" */ = {
			isa = XCConfigurationList;
			buildConfigurations = (
				652107AA1EEC59C9004F06FF /* Debug */,
				652107AB1EEC59C9004F06FF /* Release */,
			);
			defaultConfigurationIsVisible = 0;
			defaultConfigurationName = Release;
		};
		652107BC1EEC59E0004F06FF /* Build configuration list for PBXNativeTarget "DDSkin" */ = {
			isa = XCConfigurationList;
			buildConfigurations = (
				652107BA1EEC59E0004F06FF /* Debug */,
				652107BB1EEC59E0004F06FF /* Release */,
			);
			defaultConfigurationIsVisible = 0;
			defaultConfigurationName = Release;
		};
/* End XCConfigurationList section */
	};
	rootObject = 6521078A1EEC59C9004F06FF /* Project object */;
}
